{
  "name": "test-server",
  "lockfileVersion": 3,
  "requires": true,
  "packages": {
    "": {
      "dependencies": {
        "tc-string-parse": "^1.3.0"
      }
    },
    "node_modules/tc-string-parse": {
      "version": "1.3.0",
      "resolved": "https://registry.npmjs.org/tc-string-parse/-/tc-string-parse-1.3.0.tgz",
      "integrity": "sha512-ZYbcDBGP9w3T/3sjh2phCkK0avyu+0gmMnupZ55GIw/v4pKww4V1T/ymj2tBiMIpu55rgl4IOMNuqR/4/tlFEQ==",
      "license": "Apache-2.0",
      "bin": {
        "tc-string-parse": "cli.js"
      },
      "engines": {
        "node": ">=5.10.0"
      }
    }
  }
}
